// !$*UTF8*$!
{
	archiveVersion = 1;
	classes = {
	};
	objectVersion = 55;
	objects = {

/* Begin PBXBuildFile section */
		56345E402833CDA800412BFA /* mc1_appApp.swift in Sources */ = {isa = PBXBuildFile; fileRef = 56345E3F2833CDA800412BFA /* mc1_appApp.swift */; };
		56345E422833CDA800412BFA /* ContentView.swift in Sources */ = {isa = PBXBuildFile; fileRef = 56345E412833CDA800412BFA /* ContentView.swift */; };
		56345E442833CDA900412BFA /* Assets.xcassets in Resources */ = {isa = PBXBuildFile; fileRef = 56345E432833CDA900412BFA /* Assets.xcassets */; };
		56345E472833CDA900412BFA /* Preview Assets.xcassets in Resources */ = {isa = PBXBuildFile; fileRef = 56345E462833CDA900412BFA /* Preview Assets.xcassets */; };
		56345E4E2833CDEA00412BFA /* Dashboard.swift in Sources */ = {isa = PBXBuildFile; fileRef = 56345E4D2833CDEA00412BFA /* Dashboard.swift */; };
		56345E512833CE4A00412BFA /* ReadingDetail.swift in Sources */ = {isa = PBXBuildFile; fileRef = 56345E502833CE4A00412BFA /* ReadingDetail.swift */; };
		56345E532833CE6100412BFA /* ReadingList.swift in Sources */ = {isa = PBXBuildFile; fileRef = 56345E522833CE6100412BFA /* ReadingList.swift */; };
		56345E562833CE7E00412BFA /* ReadingListManager.swift in Sources */ = {isa = PBXBuildFile; fileRef = 56345E552833CE7E00412BFA /* ReadingListManager.swift */; };
/* End PBXBuildFile section */

/* Begin PBXFileReference section */
		56345E3C2833CDA800412BFA /* mc1_app.app */ = {isa = PBXFileReference; explicitFileType = wrapper.application; includeInIndex = 0; path = mc1_app.app; sourceTree = BUILT_PRODUCTS_DIR; };
		56345E3F2833CDA800412BFA /* mc1_appApp.swift */ = {isa = PBXFileReference; lastKnownFileType = sourcecode.swift; path = mc1_appApp.swift; sourceTree = "<group>"; };
		56345E412833CDA800412BFA /* ContentView.swift */ = {isa = PBXFileReference; lastKnownFileType = sourcecode.swift; path = ContentView.swift; sourceTree = "<group>"; };
		56345E432833CDA900412BFA /* Assets.xcassets */ = {isa = PBXFileReference; lastKnownFileType = folder.assetcatalog; path = Assets.xcassets; sourceTree = "<group>"; };
		56345E462833CDA900412BFA /* Preview Assets.xcassets */ = {isa = PBXFileReference; lastKnownFileType = folder.assetcatalog; path = "Preview Assets.xcassets"; sourceTree = "<group>"; };
		56345E4D2833CDEA00412BFA /* Dashboard.swift */ = {isa = PBXFileReference; lastKnownFileType = sourcecode.swift; path = Dashboard.swift; sourceTree = "<group>"; };
		56345E502833CE4A00412BFA /* ReadingDetail.swift */ = {isa = PBXFileReference; lastKnownFileType = sourcecode.swift; path = ReadingDetail.swift; sourceTree = "<group>"; };
		56345E522833CE6100412BFA /* ReadingList.swift */ = {isa = PBXFileReference; lastKnownFileType = sourcecode.swift; path = ReadingList.swift; sourceTree = "<group>"; };
		56345E552833CE7E00412BFA /* ReadingListManager.swift */ = {isa = PBXFileReference; lastKnownFileType = sourcecode.swift; path = ReadingListManager.swift; sourceTree = "<group>"; };
/* End PBXFileReference section */

/* Begin PBXFrameworksBuildPhase section */
		56345E392833CDA800412BFA /* Frameworks */ = {
			isa = PBXFrameworksBuildPhase;
			buildActionMask = 2147483647;
			files = (
			);
			runOnlyForDeploymentPostprocessing = 0;
		};
/* End PBXFrameworksBuildPhase section */

/* Begin PBXGroup section */
		56345E332833CDA800412BFA = {
			isa = PBXGroup;
			children = (
				56345E3E2833CDA800412BFA /* mc1_app */,
				56345E3D2833CDA800412BFA /* Products */,
			);
			sourceTree = "<group>";
		};
		56345E3D2833CDA800412BFA /* Products */ = {
			isa = PBXGroup;
			children = (
				56345E3C2833CDA800412BFA /* mc1_app.app */,
			);
			name = Products;
			sourceTree = "<group>";
		};
		56345E3E2833CDA800412BFA /* mc1_app */ = {
			isa = PBXGroup;
			children = (
				56345E3F2833CDA800412BFA /* mc1_appApp.swift */,
				56345E412833CDA800412BFA /* ContentView.swift */,
				56345E542833CE6700412BFA /* Model */,
				56345E4F2833CDF600412BFA /* View */,
				56345E572833CE8900412BFA /* Controller */,
				56345E432833CDA900412BFA /* Assets.xcassets */,
				56345E452833CDA900412BFA /* Preview Content */,
			);
			path = mc1_app;
			sourceTree = "<group>";
		};
		56345E452833CDA900412BFA /* Preview Content */ = {
			isa = PBXGroup;
			children = (
				56345E462833CDA900412BFA /* Preview Assets.xcassets */,
			);
			path = "Preview Content";
			sourceTree = "<group>";
		};
		56345E4F2833CDF600412BFA /* View */ = {
			isa = PBXGroup;
			children = (
				56345E4D2833CDEA00412BFA /* Dashboard.swift */,
				56345E502833CE4A00412BFA /* ReadingDetail.swift */,
			);
			path = View;
			sourceTree = "<group>";
		};
		56345E542833CE6700412BFA /* Model */ = {
			isa = PBXGroup;
			children = (
				56345E522833CE6100412BFA /* ReadingList.swift */,
			);
			path = Model;
			sourceTree = "<group>";
		};
		56345E572833CE8900412BFA /* Controller */ = {
			isa = PBXGroup;
			children = (
				56345E552833CE7E00412BFA /* ReadingListManager.swift */,
			);
			path = Controller;
			sourceTree = "<group>";
		};
/* End PBXGroup section */

/* Begin PBXNativeTarget section */
		56345E3B2833CDA800412BFA /* mc1_app */ = {
			isa = PBXNativeTarget;
			buildConfigurationList = 56345E4A2833CDA900412BFA /* Build configuration list for PBXNativeTarget "mc1_app" */;
			buildPhases = (
				56345E382833CDA800412BFA /* Sources */,
				56345E392833CDA800412BFA /* Frameworks */,
				56345E3A2833CDA800412BFA /* Resources */,
			);
			buildRules = (
			);
			dependencies = (
			);
			name = mc1_app;
			productName = mc1_app;
			productReference = 56345E3C2833CDA800412BFA /* mc1_app.app */;
			productType = "com.apple.product-type.application";
		};
/* End PBXNativeTarget section */

/* Begin PBXProject section */
		56345E342833CDA800412BFA /* Project object */ = {
			isa = PBXProject;
			attributes = {
				BuildIndependentTargetsInParallel = 1;
				LastSwiftUpdateCheck = 1330;
				LastUpgradeCheck = 1330;
				TargetAttributes = {
					56345E3B2833CDA800412BFA = {
						CreatedOnToolsVersion = 13.3.1;
					};
				};
			};
			buildConfigurationList = 56345E372833CDA800412BFA /* Build configuration list for PBXProject "mc1_app" */;
			compatibilityVersion = "Xcode 13.0";
			developmentRegion = en;
			hasScannedForEncodings = 0;
			knownRegions = (
				en,
				Base,
			);
			mainGroup = 56345E332833CDA800412BFA;
			productRefGroup = 56345E3D2833CDA800412BFA /* Products */;
			projectDirPath = "";
			projectRoot = "";
			targets = (
				56345E3B2833CDA800412BFA /* mc1_app */,
			);
		};
/* End PBXProject section */

/* Begin PBXResourcesBuildPhase section */
		56345E3A2833CDA800412BFA /* Resources */ = {
			isa = PBXResourcesBuildPhase;
			buildActionMask = 2147483647;
			files = (
				56345E472833CDA900412BFA /* Preview Assets.xcassets in Resources */,
				56345E442833CDA900412BFA /* Assets.xcassets in Resources */,
			);
			runOnlyForDeploymentPostprocessing = 0;
		};
/* End PBXResourcesBuildPhase section */

/* Begin PBXSourcesBuildPhase section */
		56345E382833CDA800412BFA /* Sources */ = {
			isa = PBXSourcesBuildPhase;
			buildActionMask = 2147483647;
			files = (
				56345E422833CDA800412BFA /* ContentView.swift in Sources */,
				56345E4E2833CDEA00412BFA /* Dashboard.swift in Sources */,
				56345E562833CE7E00412BFA /* ReadingListManager.swift in Sources */,
				56345E402833CDA800412BFA /* mc1_appApp.swift in Sources */,
				56345E512833CE4A00412BFA /* ReadingDetail.swift in Sources */,
				56345E532833CE6100412BFA /* ReadingList.swift in Sources */,
			);
			runOnlyForDeploymentPostprocessing = 0;
		};
/* End PBXSourcesBuildPhase section */

/* Begin XCBuildConfiguration section */
		56345E482833CDA900412BFA /* Debug */ = {
			isa = XCBuildConfiguration;
			buildSettings = {
				ALWAYS_SEARCH_USER_PATHS = NO;
				CLANG_ANALYZER_NONNULL = YES;
				CLANG_ANALYZER_NUMBER_OBJECT_CONVERSION = YES_AGGRESSIVE;
				CLANG_CXX_LANGUAGE_STANDARD = "gnu++17";
				CLANG_ENABLE_MODULES = YES;
				CLANG_ENABLE_OBJC_ARC = YES;
				CLANG_ENABLE_OBJC_WEAK = YES;
				CLANG_WARN_BLOCK_CAPTURE_AUTORELEASING = YES;
				CLANG_WARN_BOOL_CONVERSION = YES;
				CLANG_WARN_COMMA = YES;
				CLANG_WARN_CONSTANT_CONVERSION = YES;
				CLANG_WARN_DEPRECATED_OBJC_IMPLEMENTATIONS = YES;
				CLANG_WARN_DIRECT_OBJC_ISA_USAGE = YES_ERROR;
				CLANG_WARN_DOCUMENTATION_COMMENTS = YES;
				CLANG_WARN_EMPTY_BODY = YES;
				CLANG_WARN_ENUM_CONVERSION = YES;
				CLANG_WARN_INFINITE_RECURSION = YES;
				CLANG_WARN_INT_CONVERSION = YES;
				CLANG_WARN_NON_LITERAL_NULL_CONVERSION = YES;
				CLANG_WARN_OBJC_IMPLICIT_RETAIN_SELF = YES;
				CLANG_WARN_OBJC_LITERAL_CONVERSION = YES;
				CLANG_WARN_OBJC_ROOT_CLASS = YES_ERROR;
				CLANG_WARN_QUOTED_INCLUDE_IN_FRAMEWORK_HEADER = YES;
				CLANG_WARN_RANGE_LOOP_ANALYSIS = YES;
				CLANG_WARN_STRICT_PROTOTYPES = YES;
				CLANG_WARN_SUSPICIOUS_MOVE = YES;
				CLANG_WARN_UNGUARDED_AVAILABILITY = YES_AGGRESSIVE;
				CLANG_WARN_UNREACHABLE_CODE = YES;
				CLANG_WARN__DUPLICATE_METHOD_MATCH = YES;
				COPY_PHASE_STRIP = NO;
				DEBUG_INFORMATION_FORMAT = dwarf;
				ENABLE_STRICT_OBJC_MSGSEND = YES;
				ENABLE_TESTABILITY = YES;
				GCC_C_LANGUAGE_STANDARD = gnu11;
				GCC_DYNAMIC_NO_PIC = NO;
				GCC_NO_COMMON_BLOCKS = YES;
				GCC_OPTIMIZATION_LEVEL = 0;
				GCC_PREPROCESSOR_DEFINITIONS = (
					"DEBUG=1",
					"$(inherited)",
				);
				GCC_WARN_64_TO_32_BIT_CONVERSION = YES;
				GCC_WARN_ABOUT_RETURN_TYPE = YES_ERROR;
				GCC_WARN_UNDECLARED_SELECTOR = YES;
				GCC_WARN_UNINITIALIZED_AUTOS = YES_AGGRESSIVE;
				GCC_WARN_UNUSED_FUNCTION = YES;
				GCC_WARN_UNUSED_VARIABLE = YES;
				IPHONEOS_DEPLOYMENT_TARGET = 15.4;
				MTL_ENABLE_DEBUG_INFO = INCLUDE_SOURCE;
				MTL_FAST_MATH = YES;
				ONLY_ACTIVE_ARCH = YES;
				SDKROOT = iphoneos;
				SWIFT_ACTIVE_COMPILATION_CONDITIONS = DEBUG;
				SWIFT_OPTIMIZATION_LEVEL = "-Onone";
			};
			name = Debug;
		};
		56345E492833CDA900412BFA /* Release */ = {
			isa = XCBuildConfiguration;
			buildSettings = {
				ALWAYS_SEARCH_USER_PATHS = NO;
				CLANG_ANALYZER_NONNULL = YES;
				CLANG_ANALYZER_NUMBER_OBJECT_CONVERSION = YES_AGGRESSIVE;
				CLANG_CXX_LANGUAGE_STANDARD = "gnu++17";
				CLANG_ENABLE_MODULES = YES;
				CLANG_ENABLE_OBJC_ARC = YES;
				CLANG_ENABLE_OBJC_WEAK = YES;
				CLANG_WARN_BLOCK_CAPTURE_AUTORELEASING = YES;
				CLANG_WARN_BOOL_CONVERSION = YES;
				CLANG_WARN_COMMA = YES;
				CLANG_WARN_CONSTANT_CONVERSION = YES;
				CLANG_WARN_DEPRECATED_OBJC_IMPLEMENTATIONS = YES;
				CLANG_WARN_DIRECT_OBJC_ISA_USAGE = YES_ERROR;
				CLANG_WARN_DOCUMENTATION_COMMENTS = YES;
				CLANG_WARN_EMPTY_BODY = YES;
				CLANG_WARN_ENUM_CONVERSION = YES;
				CLANG_WARN_INFINITE_RECURSION = YES;
				CLANG_WARN_INT_CONVERSION = YES;
				CLANG_WARN_NON_LITERAL_NULL_CONVERSION = YES;
				CLANG_WARN_OBJC_IMPLICIT_RETAIN_SELF = YES;
				CLANG_WARN_OBJC_LITERAL_CONVERSION = YES;
				CLANG_WARN_OBJC_ROOT_CLASS = YES_ERROR;
				CLANG_WARN_QUOTED_INCLUDE_IN_FRAMEWORK_HEADER = YES;
				CLANG_WARN_RANGE_LOOP_ANALYSIS = YES;
				CLANG_WARN_STRICT_PROTOTYPES = YES;
				CLANG_WARN_SUSPICIOUS_MOVE = YES;
				CLANG_WARN_UNGUARDED_AVAILABILITY = YES_AGGRESSIVE;
				CLANG_WARN_UNREACHABLE_CODE = YES;
				CLANG_WARN__DUPLICATE_METHOD_MATCH = YES;
				COPY_PHASE_STRIP = NO;
				DEBUG_INFORMATION_FORMAT = "dwarf-with-dsym";
				ENABLE_NS_ASSERTIONS = NO;
				ENABLE_STRICT_OBJC_MSGSEND = YES;
				GCC_C_LANGUAGE_STANDARD = gnu11;
				GCC_NO_COMMON_BLOCKS = YES;
				GCC_WARN_64_TO_32_BIT_CONVERSION = YES;
				GCC_WARN_ABOUT_RETURN_TYPE = YES_ERROR;
				GCC_WARN_UNDECLARED_SELECTOR = YES;
				GCC_WARN_UNINITIALIZED_AUTOS = YES_AGGRESSIVE;
				GCC_WARN_UNUSED_FUNCTION = YES;
				GCC_WARN_UNUSED_VARIABLE = YES;
				IPHONEOS_DEPLOYMENT_TARGET = 15.4;
				MTL_ENABLE_DEBUG_INFO = NO;
				MTL_FAST_MATH = YES;
				SDKROOT = iphoneos;
				SWIFT_COMPILATION_MODE = wholemodule;
				SWIFT_OPTIMIZATION_LEVEL = "-O";
				VALIDATE_PRODUCT = YES;
			};
			name = Release;
		};
		56345E4B2833CDA900412BFA /* Debug */ = {
			isa = XCBuildConfiguration;
			buildSettings = {
				ASSETCATALOG_COMPILER_APPICON_NAME = AppIcon;
				ASSETCATALOG_COMPILER_GLOBAL_ACCENT_COLOR_NAME = AccentColor;
				CODE_SIGN_STYLE = Automatic;
				CURRENT_PROJECT_VERSION = 1;
				DEVELOPMENT_ASSET_PATHS = "\"mc1_app/Preview Content\"";
				DEVELOPMENT_TEAM = KFD27J2TGQ;
				ENABLE_PREVIEWS = YES;
				GENERATE_INFOPLIST_FILE = YES;
				INFOPLIST_KEY_UIApplicationSceneManifest_Generation = YES;
				INFOPLIST_KEY_UIApplicationSupportsIndirectInputEvents = YES;
				INFOPLIST_KEY_UILaunchScreen_Generation = YES;
				INFOPLIST_KEY_UISupportedInterfaceOrientations_iPad = "UIInterfaceOrientationPortrait UIInterfaceOrientationPortraitUpsideDown UIInterfaceOrientationLandscapeLeft UIInterfaceOrientationLandscapeRight";
				INFOPLIST_KEY_UISupportedInterfaceOrientations_iPhone = "UIInterfaceOrientationPortrait UIInterfaceOrientationLandscapeLeft UIInterfaceOrientationLandscapeRight";
				LD_RUNPATH_SEARCH_PATHS = (
					"$(inherited)",
					"@executable_path/Frameworks",
				);
				MARKETING_VERSION = 1.0;
				PRODUCT_BUNDLE_IDENTIFIER = "com.rsilitonga.mc1-app";
				PRODUCT_NAME = "$(TARGET_NAME)";
				SWIFT_EMIT_LOC_STRINGS = YES;
				SWIFT_VERSION = 5.0;
				TARGETED_DEVICE_FAMILY = "1,2";
			};
			name = Debug;
		};
		56345E4C2833CDA900412BFA /* Release */ = {
			isa = XCBuildConfiguration;
			buildSettings = {
				ASSETCATALOG_COMPILER_APPICON_NAME = AppIcon;
				ASSETCATALOG_COMPILER_GLOBAL_ACCENT_COLOR_NAME = AccentColor;
				CODE_SIGN_STYLE = Automatic;
				CURRENT_PROJECT_VERSION = 1;
				DEVELOPMENT_ASSET_PATHS = "\"mc1_app/Preview Content\"";
				DEVELOPMENT_TEAM = KFD27J2TGQ;
				ENABLE_PREVIEWS = YES;
				GENERATE_INFOPLIST_FILE = YES;
				INFOPLIST_KEY_UIApplicationSceneManifest_Generation = YES;
				INFOPLIST_KEY_UIApplicationSupportsIndirectInputEvents = YES;
				INFOPLIST_KEY_UILaunchScreen_Generation = YES;
				INFOPLIST_KEY_UISupportedInterfaceOrientations_iPad = "UIInterfaceOrientationPortrait UIInterfaceOrientationPortraitUpsideDown UIInterfaceOrientationLandscapeLeft UIInterfaceOrientationLandscapeRight";
				INFOPLIST_KEY_UISupportedInterfaceOrientations_iPhone = "UIInterfaceOrientationPortrait UIInterfaceOrientationLandscapeLeft UIInterfaceOrientationLandscapeRight";
				LD_RUNPATH_SEARCH_PATHS = (
					"$(inherited)",
					"@executable_path/Frameworks",
				);
				MARKETING_VERSION = 1.0;
				PRODUCT_BUNDLE_IDENTIFIER = "com.rsilitonga.mc1-app";
				PRODUCT_NAME = "$(TARGET_NAME)";
				SWIFT_EMIT_LOC_STRINGS = YES;
				SWIFT_VERSION = 5.0;
				TARGETED_DEVICE_FAMILY = "1,2";
			};
			name = Release;
		};
/* End XCBuildConfiguration section */

/* Begin XCConfigurationList section */
		56345E372833CDA800412BFA /* Build configuration list for PBXProject "mc1_app" */ = {
			isa = XCConfigurationList;
			buildConfigurations = (
				56345E482833CDA900412BFA /* Debug */,
				56345E492833CDA900412BFA /* Release */,
			);
			defaultConfigurationIsVisible = 0;
			defaultConfigurationName = Release;
		};
		56345E4A2833CDA900412BFA /* Build configuration list for PBXNativeTarget "mc1_app" */ = {
			isa = XCConfigurationList;
			buildConfigurations = (
				56345E4B2833CDA900412BFA /* Debug */,
				56345E4C2833CDA900412BFA /* Release */,
			);
			defaultConfigurationIsVisible = 0;
			defaultConfigurationName = Release;
		};
/* End XCConfigurationList section */
	};
	rootObject = 56345E342833CDA800412BFA /* Project object */;
}
